{
  "name": "frontend",
  "version": "0.0.0",
  "lockfileVersion": 1,
  "requires": true,
  "dependencies": {
    "rxjs": {
      "version": "6.5.5",
      "resolved": "https://registry.npm.taobao.org/rxjs/download/rxjs-6.5.5.tgz",
      "integrity": "sha1-xciE4wlMjP7jG/J+uH5UzPyH+ew=",
      "requires": {
        "tslib": "^1.9.0"
      },
      "dependencies": {
        "tslib": {
          "version": "1.11.1",
          "resolved": "https://registry.npm.taobao.org/tslib/download/tslib-1.11.1.tgz",
          "integrity": "sha1-6xXRKIJ/vuKEFUnhcfRe0zisfjU="
        }
      }
    },
    "rxjs-compat": {
      "version": "6.5.5",
      "resolved": "https://registry.npm.taobao.org/rxjs-compat/download/rxjs-compat-6.5.5.tgz?cache=0&sync_timestamp=1585880658304&other_urls=https%3A%2F%2Fregistry.npm.taobao.org%2Frxjs-compat%2Fdownload%2Frxjs-compat-6.5.5.tgz",
      "integrity": "sha1-BzxAUQ8pxFoqX8At3of4w6118sI="
    }
  }
}
